
Microsoft Visual Studio Solution File, Format Version 12.00
# Visual Studio 2013
VisualStudioVersion = 12.0.21005.1
MinimumVisualStudioVersion = 10.0.40219.1
Project("{FAE04EC0-301F-11D3-BF4B-00C04F79EFBC}") = "MP", "MP\MP.csproj", "{9654C04F-2896-459C-953A-872331B09B56}"
EndProject
Project("{FAE04EC0-301F-11D3-BF4B-00C04F79EFBC}") = "MP.Model", "MP.Model\MP.Model.csproj", "{035375AD-60E1-45D4-82A6-8B40F151535C}"
EndProject
Project("{FAE04EC0-301F-11D3-BF4B-00C04F79EFBC}") = "MP.Data", "MP.Data\MP.Data.csproj", "{9EAFB89A-FF35-4598-B856-7BDCCAB34359}"
EndProject
Global
	GlobalSection(SolutionConfigurationPlatforms) = preSolution
		Debug|Any CPU = Debug|Any CPU
		Release|Any CPU = Release|Any CPU
	EndGlobalSection
	GlobalSection(ProjectConfigurationPlatforms) = postSolution
		{9654C04F-2896-459C-953A-872331B09B56}.Debug|Any CPU.ActiveCfg = Debug|Any CPU
		{9654C04F-2896-459C-953A-872331B09B56}.Debug|Any CPU.Build.0 = Debug|Any CPU
		{9654C04F-2896-459C-953A-872331B09B56}.Release|Any CPU.ActiveCfg = Release|Any CPU
		{9654C04F-2896-459C-953A-872331B09B56}.Release|Any CPU.Build.0 = Release|Any CPU
		{035375AD-60E1-45D4-82A6-8B40F151535C}.Debug|Any CPU.ActiveCfg = Debug|Any CPU
		{035375AD-60E1-45D4-82A6-8B40F151535C}.Debug|Any CPU.Build.0 = Debug|Any CPU
		{035375AD-60E1-45D4-82A6-8B40F151535C}.Release|Any CPU.ActiveCfg = Release|Any CPU
		{035375AD-60E1-45D4-82A6-8B40F151535C}.Release|Any CPU.Build.0 = Release|Any CPU
		{9EAFB89A-FF35-4598-B856-7BDCCAB34359}.Debug|Any CPU.ActiveCfg = Debug|Any CPU
		{9EAFB89A-FF35-4598-B856-7BDCCAB34359}.Debug|Any CPU.Build.0 = Debug|Any CPU
		{9EAFB89A-FF35-4598-B856-7BDCCAB34359}.Release|Any CPU.ActiveCfg = Release|Any CPU
		{9EAFB89A-FF35-4598-B856-7BDCCAB34359}.Release|Any CPU.Build.0 = Release|Any CPU
	EndGlobalSection
	GlobalSection(SolutionProperties) = preSolution
		HideSolutionNode = FALSE
	EndGlobalSection
EndGlobal
